// !$*UTF8*$!
{
	archiveVersion = 1;
	classes = {
	};
	objectVersion = 48;
	objects = {

/* Begin PBXBuildFile section */
		D6F95D41207464BC00F2C0DA /* AppDelegate.swift in Sources */ = {isa = PBXBuildFile; fileRef = D6F95D40207464BC00F2C0DA /* AppDelegate.swift */; };
		D6F95D43207464BC00F2C0DA /* art.scnassets in Resources */ = {isa = PBXBuildFile; fileRef = D6F95D42207464BC00F2C0DA /* art.scnassets */; };
		D6F95D45207464BC00F2C0DA /* ViewController.swift in Sources */ = {isa = PBXBuildFile; fileRef = D6F95D44207464BC00F2C0DA /* ViewController.swift */; };
		D6F95D48207464BC00F2C0DA /* Main.storyboard in Resources */ = {isa = PBXBuildFile; fileRef = D6F95D46207464BC00F2C0DA /* Main.storyboard */; };
		D6F95D4A207464BC00F2C0DA /* Assets.xcassets in Resources */ = {isa = PBXBuildFile; fileRef = D6F95D49207464BC00F2C0DA /* Assets.xcassets */; };
		D6F95D4D207464BC00F2C0DA /* LaunchScreen.storyboard in Resources */ = {isa = PBXBuildFile; fileRef = D6F95D4B207464BC00F2C0DA /* LaunchScreen.storyboard */; };
		D6F95D552074779800F2C0DA /* PlaneNode.swift in Sources */ = {isa = PBXBuildFile; fileRef = D6F95D542074779800F2C0DA /* PlaneNode.swift */; };
/* End PBXBuildFile section */

/* Begin PBXFileReference section */
		D6F95D3D207464BC00F2C0DA /* UnkoAR.app */ = {isa = PBXFileReference; explicitFileType = wrapper.application; includeInIndex = 0; path = UnkoAR.app; sourceTree = BUILT_PRODUCTS_DIR; };
		D6F95D40207464BC00F2C0DA /* AppDelegate.swift */ = {isa = PBXFileReference; lastKnownFileType = sourcecode.swift; path = AppDelegate.swift; sourceTree = "<group>"; };
		D6F95D42207464BC00F2C0DA /* art.scnassets */ = {isa = PBXFileReference; lastKnownFileType = wrapper.scnassets; path = art.scnassets; sourceTree = "<group>"; };
		D6F95D44207464BC00F2C0DA /* ViewController.swift */ = {isa = PBXFileReference; lastKnownFileType = sourcecode.swift; path = ViewController.swift; sourceTree = "<group>"; };
		D6F95D47207464BC00F2C0DA /* Base */ = {isa = PBXFileReference; lastKnownFileType = file.storyboard; name = Base; path = Base.lproj/Main.storyboard; sourceTree = "<group>"; };
		D6F95D49207464BC00F2C0DA /* Assets.xcassets */ = {isa = PBXFileReference; lastKnownFileType = folder.assetcatalog; path = Assets.xcassets; sourceTree = "<group>"; };
		D6F95D4C207464BC00F2C0DA /* Base */ = {isa = PBXFileReference; lastKnownFileType = file.storyboard; name = Base; path = Base.lproj/LaunchScreen.storyboard; sourceTree = "<group>"; };
		D6F95D4E207464BC00F2C0DA /* Info.plist */ = {isa = PBXFileReference; lastKnownFileType = text.plist.xml; path = Info.plist; sourceTree = "<group>"; };
		D6F95D542074779800F2C0DA /* PlaneNode.swift */ = {isa = PBXFileReference; lastKnownFileType = sourcecode.swift; path = PlaneNode.swift; sourceTree = "<group>"; };
/* End PBXFileReference section */

/* Begin PBXFrameworksBuildPhase section */
		D6F95D3A207464BC00F2C0DA /* Frameworks */ = {
			isa = PBXFrameworksBuildPhase;
			buildActionMask = 2147483647;
			files = (
			);
			runOnlyForDeploymentPostprocessing = 0;
		};
/* End PBXFrameworksBuildPhase section */

/* Begin PBXGroup section */
		D6F95D34207464BC00F2C0DA = {
			isa = PBXGroup;
			children = (
				D6F95D3F207464BC00F2C0DA /* UnkoAR */,
				D6F95D3E207464BC00F2C0DA /* Products */,
			);
			sourceTree = "<group>";
		};
		D6F95D3E207464BC00F2C0DA /* Products */ = {
			isa = PBXGroup;
			children = (
				D6F95D3D207464BC00F2C0DA /* UnkoAR.app */,
			);
			name = Products;
			sourceTree = "<group>";
		};
		D6F95D3F207464BC00F2C0DA /* UnkoAR */ = {
			isa = PBXGroup;
			children = (
				D6F95D40207464BC00F2C0DA /* AppDelegate.swift */,
				D6F95D42207464BC00F2C0DA /* art.scnassets */,
				D6F95D44207464BC00F2C0DA /* ViewController.swift */,
				D6F95D46207464BC00F2C0DA /* Main.storyboard */,
				D6F95D49207464BC00F2C0DA /* Assets.xcassets */,
				D6F95D4B207464BC00F2C0DA /* LaunchScreen.storyboard */,
				D6F95D4E207464BC00F2C0DA /* Info.plist */,
				D6F95D542074779800F2C0DA /* PlaneNode.swift */,
			);
			path = UnkoAR;
			sourceTree = "<group>";
		};
/* End PBXGroup section */

/* Begin PBXNativeTarget section */
		D6F95D3C207464BC00F2C0DA /* UnkoAR */ = {
			isa = PBXNativeTarget;
			buildConfigurationList = D6F95D51207464BC00F2C0DA /* Build configuration list for PBXNativeTarget "UnkoAR" */;
			buildPhases = (
				D6F95D39207464BC00F2C0DA /* Sources */,
				D6F95D3A207464BC00F2C0DA /* Frameworks */,
				D6F95D3B207464BC00F2C0DA /* Resources */,
			);
			buildRules = (
			);
			dependencies = (
			);
			name = UnkoAR;
			productName = UnkoAR;
			productReference = D6F95D3D207464BC00F2C0DA /* UnkoAR.app */;
			productType = "com.apple.product-type.application";
		};
/* End PBXNativeTarget section */

/* Begin PBXProject section */
		D6F95D35207464BC00F2C0DA /* Project object */ = {
			isa = PBXProject;
			attributes = {
				LastSwiftUpdateCheck = 0920;
				LastUpgradeCheck = 0920;
				ORGANIZATIONNAME = "Yuta Kawabe";
				TargetAttributes = {
					D6F95D3C207464BC00F2C0DA = {
						CreatedOnToolsVersion = 9.2;
						ProvisioningStyle = Automatic;
					};
				};
			};
			buildConfigurationList = D6F95D38207464BC00F2C0DA /* Build configuration list for PBXProject "UnkoAR" */;
			compatibilityVersion = "Xcode 8.0";
			developmentRegion = en;
			hasScannedForEncodings = 0;
			knownRegions = (
				en,
				Base,
			);
			mainGroup = D6F95D34207464BC00F2C0DA;
			productRefGroup = D6F95D3E207464BC00F2C0DA /* Products */;
			projectDirPath = "";
			projectRoot = "";
			targets = (
				D6F95D3C207464BC00F2C0DA /* UnkoAR */,
			);
		};
/* End PBXProject section */

/* Begin PBXResourcesBuildPhase section */
		D6F95D3B207464BC00F2C0DA /* Resources */ = {
			isa = PBXResourcesBuildPhase;
			buildActionMask = 2147483647;
			files = (
				D6F95D43207464BC00F2C0DA /* art.scnassets in Resources */,
				D6F95D4D207464BC00F2C0DA /* LaunchScreen.storyboard in Resources */,
				D6F95D4A207464BC00F2C0DA /* Assets.xcassets in Resources */,
				D6F95D48207464BC00F2C0DA /* Main.storyboard in Resources */,
			);
			runOnlyForDeploymentPostprocessing = 0;
		};
/* End PBXResourcesBuildPhase section */

/* Begin PBXSourcesBuildPhase section */
		D6F95D39207464BC00F2C0DA /* Sources */ = {
			isa = PBXSourcesBuildPhase;
			buildActionMask = 2147483647;
			files = (
				D6F95D45207464BC00F2C0DA /* ViewController.swift in Sources */,
				D6F95D552074779800F2C0DA /* PlaneNode.swift in Sources */,
				D6F95D41207464BC00F2C0DA /* AppDelegate.swift in Sources */,
			);
			runOnlyForDeploymentPostprocessing = 0;
		};
/* End PBXSourcesBuildPhase section */

/* Begin PBXVariantGroup section */
		D6F95D46207464BC00F2C0DA /* Main.storyboard */ = {
			isa = PBXVariantGroup;
			children = (
				D6F95D47207464BC00F2C0DA /* Base */,
			);
			name = Main.storyboard;
			sourceTree = "<group>";
		};
		D6F95D4B207464BC00F2C0DA /* LaunchScreen.storyboard */ = {
			isa = PBXVariantGroup;
			children = (
				D6F95D4C207464BC00F2C0DA /* Base */,
			);
			name = LaunchScreen.storyboard;
			sourceTree = "<group>";
		};
/* End PBXVariantGroup section */

/* Begin XCBuildConfiguration section */
		D6F95D4F207464BC00F2C0DA /* Debug */ = {
			isa = XCBuildConfiguration;
			buildSettings = {
				ALWAYS_SEARCH_USER_PATHS = NO;
				CLANG_ANALYZER_NONNULL = YES;
				CLANG_ANALYZER_NUMBER_OBJECT_CONVERSION = YES_AGGRESSIVE;
				CLANG_CXX_LANGUAGE_STANDARD = "gnu++14";
				CLANG_CXX_LIBRARY = "libc++";
				CLANG_ENABLE_MODULES = YES;
				CLANG_ENABLE_OBJC_ARC = YES;
				CLANG_WARN_BLOCK_CAPTURE_AUTORELEASING = YES;
				CLANG_WARN_BOOL_CONVERSION = YES;
				CLANG_WARN_COMMA = YES;
				CLANG_WARN_CONSTANT_CONVERSION = YES;
				CLANG_WARN_DIRECT_OBJC_ISA_USAGE = YES_ERROR;
				CLANG_WARN_DOCUMENTATION_COMMENTS = YES;
				CLANG_WARN_EMPTY_BODY = YES;
				CLANG_WARN_ENUM_CONVERSION = YES;
				CLANG_WARN_INFINITE_RECURSION = YES;
				CLANG_WARN_INT_CONVERSION = YES;
				CLANG_WARN_NON_LITERAL_NULL_CONVERSION = YES;
				CLANG_WARN_OBJC_LITERAL_CONVERSION = YES;
				CLANG_WARN_OBJC_ROOT_CLASS = YES_ERROR;
				CLANG_WARN_RANGE_LOOP_ANALYSIS = YES;
				CLANG_WARN_STRICT_PROTOTYPES = YES;
				CLANG_WARN_SUSPICIOUS_MOVE = YES;
				CLANG_WARN_UNGUARDED_AVAILABILITY = YES_AGGRESSIVE;
				CLANG_WARN_UNREACHABLE_CODE = YES;
				CLANG_WARN__DUPLICATE_METHOD_MATCH = YES;
				CODE_SIGN_IDENTITY = "iPhone Developer";
				COPY_PHASE_STRIP = NO;
				DEBUG_INFORMATION_FORMAT = dwarf;
				ENABLE_STRICT_OBJC_MSGSEND = YES;
				ENABLE_TESTABILITY = YES;
				GCC_C_LANGUAGE_STANDARD = gnu11;
				GCC_DYNAMIC_NO_PIC = NO;
				GCC_NO_COMMON_BLOCKS = YES;
				GCC_OPTIMIZATION_LEVEL = 0;
				GCC_PREPROCESSOR_DEFINITIONS = (
					"DEBUG=1",
					"$(inherited)",
				);
				GCC_WARN_64_TO_32_BIT_CONVERSION = YES;
				GCC_WARN_ABOUT_RETURN_TYPE = YES_ERROR;
				GCC_WARN_UNDECLARED_SELECTOR = YES;
				GCC_WARN_UNINITIALIZED_AUTOS = YES_AGGRESSIVE;
				GCC_WARN_UNUSED_FUNCTION = YES;
				GCC_WARN_UNUSED_VARIABLE = YES;
				IPHONEOS_DEPLOYMENT_TARGET = 11.2;
				MTL_ENABLE_DEBUG_INFO = YES;
				ONLY_ACTIVE_ARCH = YES;
				SDKROOT = iphoneos;
				SWIFT_ACTIVE_COMPILATION_CONDITIONS = DEBUG;
				SWIFT_OPTIMIZATION_LEVEL = "-Onone";
			};
			name = Debug;
		};
		D6F95D50207464BC00F2C0DA /* Release */ = {
			isa = XCBuildConfiguration;
			buildSettings = {
				ALWAYS_SEARCH_USER_PATHS = NO;
				CLANG_ANALYZER_NONNULL = YES;
				CLANG_ANALYZER_NUMBER_OBJECT_CONVERSION = YES_AGGRESSIVE;
				CLANG_CXX_LANGUAGE_STANDARD = "gnu++14";
				CLANG_CXX_LIBRARY = "libc++";
				CLANG_ENABLE_MODULES = YES;
				CLANG_ENABLE_OBJC_ARC = YES;
				CLANG_WARN_BLOCK_CAPTURE_AUTORELEASING = YES;
				CLANG_WARN_BOOL_CONVERSION = YES;
				CLANG_WARN_COMMA = YES;
				CLANG_WARN_CONSTANT_CONVERSION = YES;
				CLANG_WARN_DIRECT_OBJC_ISA_USAGE = YES_ERROR;
				CLANG_WARN_DOCUMENTATION_COMMENTS = YES;
				CLANG_WARN_EMPTY_BODY = YES;
				CLANG_WARN_ENUM_CONVERSION = YES;
				CLANG_WARN_INFINITE_RECURSION = YES;
				CLANG_WARN_INT_CONVERSION = YES;
				CLANG_WARN_NON_LITERAL_NULL_CONVERSION = YES;
				CLANG_WARN_OBJC_LITERAL_CONVERSION = YES;
				CLANG_WARN_OBJC_ROOT_CLASS = YES_ERROR;
				CLANG_WARN_RANGE_LOOP_ANALYSIS = YES;
				CLANG_WARN_STRICT_PROTOTYPES = YES;
				CLANG_WARN_SUSPICIOUS_MOVE = YES;
				CLANG_WARN_UNGUARDED_AVAILABILITY = YES_AGGRESSIVE;
				CLANG_WARN_UNREACHABLE_CODE = YES;
				CLANG_WARN__DUPLICATE_METHOD_MATCH = YES;
				CODE_SIGN_IDENTITY = "iPhone Developer";
				COPY_PHASE_STRIP = NO;
				DEBUG_INFORMATION_FORMAT = "dwarf-with-dsym";
				ENABLE_NS_ASSERTIONS = NO;
				ENABLE_STRICT_OBJC_MSGSEND = YES;
				GCC_C_LANGUAGE_STANDARD = gnu11;
				GCC_NO_COMMON_BLOCKS = YES;
				GCC_WARN_64_TO_32_BIT_CONVERSION = YES;
				GCC_WARN_ABOUT_RETURN_TYPE = YES_ERROR;
				GCC_WARN_UNDECLARED_SELECTOR = YES;
				GCC_WARN_UNINITIALIZED_AUTOS = YES_AGGRESSIVE;
				GCC_WARN_UNUSED_FUNCTION = YES;
				GCC_WARN_UNUSED_VARIABLE = YES;
				IPHONEOS_DEPLOYMENT_TARGET = 11.2;
				MTL_ENABLE_DEBUG_INFO = NO;
				SDKROOT = iphoneos;
				SWIFT_OPTIMIZATION_LEVEL = "-Owholemodule";
				VALIDATE_PRODUCT = YES;
			};
			name = Release;
		};
		D6F95D52207464BC00F2C0DA /* Debug */ = {
			isa = XCBuildConfiguration;
			buildSettings = {
				ASSETCATALOG_COMPILER_APPICON_NAME = AppIcon;
				CODE_SIGN_STYLE = Automatic;
				DEVELOPMENT_TEAM = X5EF57U232;
				INFOPLIST_FILE = UnkoAR/Info.plist;
				IPHONEOS_DEPLOYMENT_TARGET = 11.0;
				LD_RUNPATH_SEARCH_PATHS = "$(inherited) @executable_path/Frameworks";
				PRODUCT_BUNDLE_IDENTIFIER = individual.UnkoAR;
				PRODUCT_NAME = "$(TARGET_NAME)";
				SWIFT_VERSION = 4.0;
				TARGETED_DEVICE_FAMILY = "1,2";
			};
			name = Debug;
		};
		D6F95D53207464BC00F2C0DA /* Release */ = {
			isa = XCBuildConfiguration;
			buildSettings = {
				ASSETCATALOG_COMPILER_APPICON_NAME = AppIcon;
				CODE_SIGN_STYLE = Automatic;
				DEVELOPMENT_TEAM = X5EF57U232;
				INFOPLIST_FILE = UnkoAR/Info.plist;
				IPHONEOS_DEPLOYMENT_TARGET = 11.0;
				LD_RUNPATH_SEARCH_PATHS = "$(inherited) @executable_path/Frameworks";
				PRODUCT_BUNDLE_IDENTIFIER = individual.UnkoAR;
				PRODUCT_NAME = "$(TARGET_NAME)";
				SWIFT_VERSION = 4.0;
				TARGETED_DEVICE_FAMILY = "1,2";
			};
			name = Release;
		};
/* End XCBuildConfiguration section */

/* Begin XCConfigurationList section */
		D6F95D38207464BC00F2C0DA /* Build configuration list for PBXProject "UnkoAR" */ = {
			isa = XCConfigurationList;
			buildConfigurations = (
				D6F95D4F207464BC00F2C0DA /* Debug */,
				D6F95D50207464BC00F2C0DA /* Release */,
			);
			defaultConfigurationIsVisible = 0;
			defaultConfigurationName = Release;
		};
		D6F95D51207464BC00F2C0DA /* Build configuration list for PBXNativeTarget "UnkoAR" */ = {
			isa = XCConfigurationList;
			buildConfigurations = (
				D6F95D52207464BC00F2C0DA /* Debug */,
				D6F95D53207464BC00F2C0DA /* Release */,
			);
			defaultConfigurationIsVisible = 0;
			defaultConfigurationName = Release;
		};
/* End XCConfigurationList section */
	};
	rootObject = D6F95D35207464BC00F2C0DA /* Project object */;
}
